<?xml version="1.0" encoding="utf-8"?>
<Project ToolsVersion="4.0" xmlns="http://schemas.microsoft.com/developer/msbuild/2003">
  <ItemGroup>
    <Filter Include="Source Files">
      <UniqueIdentifier>{4FC737F1-C7A5-4376-A066-2A32D752A2FF}</UniqueIdentifier>
      <Extensions>cpp;c;cc;cxx;def;odl;idl;hpj;bat;asm;asmx</Extensions>
    </Filter>
    <Filter Include="Header Files">
      <UniqueIdentifier>{93995380-89BD-4b04-88EB-625FBE52EBFB}</UniqueIdentifier>
      <Extensions>h;hh;hpp;hxx;hm;inl;inc;ipp;xsd</Extensions>
    </Filter>
    <Filter Include="Resource Files">
      <UniqueIdentifier>{67DA6AB6-F800-4c08-8B7A-83BB121AAD01}</UniqueIdentifier>
      <Extensions>rc;ico;cur;bmp;dlg;rc2;rct;bin;rgs;gif;jpg;jpeg;jpe;resx;tiff;tif;png;wav;mfcribbon-ms</Extensions>
    </Filter>
    <Filter Include="Source Files\Source">
      <UniqueIdentifier>{680c07fc-ddf8-4700-a662-c41a6f19f1fb}</UniqueIdentifier>
    </Filter>
    <Filter Include="Source Files\ThirdParty">
      <UniqueIdentifier>{be327a5c-eef6-45db-839f-5fb3916dd97a}</UniqueIdentifier>
    </Filter>
    <Filter Include="Source Files\ThirdParty\imgui">
      <UniqueIdentifier>{293c8830-1f35-4fd6-b693-c1aa84a77602}</UniqueIdentifier>
    </Filter>
    <Filter Include="Source Files\ThirdParty\glad">
      <UniqueIdentifier>{8737fbe4-23f7-42c4-b663-b880a63f469f}</UniqueIdentifier>
    </Filter>
    <Filter Include="Source Files\ThirdParty\SDL">
      <UniqueIdentifier>{453b5460-f7df-4a33-9628-fc350a13e1cc}</UniqueIdentifier>
    </Filter>
    <Filter Include="Source Files\ThirdParty\imgui\impl">
      <UniqueIdentifier>{7636d672-5000-4a6b-b2f1-9142648735d9}</UniqueIdentifier>
    </Filter>
    <Filter Include="Source Files\Source\Hardware">
      <UniqueIdentifier>{dc46599f-2976-4a48-9ccb-680d161b85d8}</UniqueIdentifier>
    </Filter>
    <Filter Include="Header Files\Hardware">
      <UniqueIdentifier>{b016fe3b-5fdc-430b-a802-f7fa7d3e5ebc}</UniqueIdentifier>
    </Filter>
    <Filter Include="Header Files\Managers">
      <UniqueIdentifier>{854d7c55-5700-4fb7-89c2-2f89d6d3dc3b}</UniqueIdentifier>
    </Filter>
    <Filter Include="Header Files\Utils">
      <UniqueIdentifier>{6d63fdd1-7aa2-4995-bffd-164b63017e9f}</UniqueIdentifier>
    </Filter>
    <Filter Include="Source Files\Source\Managers">
      <UniqueIdentifier>{00d17fda-f3c8-49ed-a5e9-4a6826a7fde4}</UniqueIdentifier>
    </Filter>
    <Filter Include="Source Files\Source\Utils">
      <UniqueIdentifier>{b19b5ef4-bb0e-4f2b-a44e-eeb99f103e05}</UniqueIdentifier>
    </Filter>
  </ItemGroup>
  <ItemGroup>
    <ClCompile Include="Source\Main.cpp">
      <Filter>Source Files\Source</Filter>
    </ClCompile>
    <ClCompile Include="ThirdParty\glad\src\glad.c">
      <Filter>Source Files\ThirdParty\glad</Filter>
    </ClCompile>
    <ClCompile Include="ThirdParty\imgui\imgui.cpp">
      <Filter>Source Files\ThirdParty\imgui</Filter>
    </ClCompile>
    <ClCompile Include="ThirdParty\imgui\imgui_demo.cpp">
      <Filter>Source Files\ThirdParty\imgui</Filter>
    </ClCompile>
    <ClCompile Include="ThirdParty\imgui\imgui_draw.cpp">
      <Filter>Source Files\ThirdParty\imgui</Filter>
    </ClCompile>
    <ClCompile Include="ThirdParty\imgui\imgui_widgets.cpp">
      <Filter>Source Files\ThirdParty\imgui</Filter>
    </ClCompile>
    <ClCompile Include="ThirdParty\imgui\examples\imgui_impl_opengl3.cpp">
      <Filter>Source Files\ThirdParty\imgui\impl</Filter>
    </ClCompile>
    <ClCompile Include="ThirdParty\imgui\examples\imgui_impl_sdl.cpp">
      <Filter>Source Files\ThirdParty\imgui\impl</Filter>
    </ClCompile>
    <ClCompile Include="Source\DraconicEmulator.cpp">
      <Filter>Source Files\Source</Filter>
    </ClCompile>
    <ClCompile Include="Source\Hardware\DraconicMemory.cpp">
      <Filter>Source Files\Source\Hardware</Filter>
    </ClCompile>
    <ClCompile Include="Source\Hardware\DraconicCartridge.cpp">
      <Filter>Source Files\Source\Hardware</Filter>
    </ClCompile>
    <ClCompile Include="Source\Hardware\DraconicGPU.cpp">
      <Filter>Source Files\Source\Hardware</Filter>
    </ClCompile>
    <ClCompile Include="Source\Hardware\DraconicCPU.cpp">
      <Filter>Source Files\Source\Hardware</Filter>
    </ClCompile>
    <ClCompile Include="Source\Hardware\BaseHardware.cpp">
      <Filter>Source Files\Source\Hardware</Filter>
    </ClCompile>
    <ClCompile Include="Source\Managers\InterruptManager.cpp">
      <Filter>Source Files\Source\Managers</Filter>
    </ClCompile>
    <ClCompile Include="Source\Managers\TimerManager.cpp">
      <Filter>Source Files\Source\Managers</Filter>
    </ClCompile>
    <ClCompile Include="Source\Managers\InputManager.cpp">
      <Filter>Source Files\Source\Managers</Filter>
    </ClCompile>
    <ClCompile Include="Source\Hardware\DraconicState.cpp">
      <Filter>Source Files\Source\Hardware</Filter>
    </ClCompile>
    <ClCompile Include="Source\Hardware\DraconicOpcodes.cpp">
      <Filter>Source Files\Source\Hardware</Filter>
    </ClCompile>
    <ClCompile Include="Source\Utils\Utils.cpp">
      <Filter>Source Files\Source\Utils</Filter>
    </ClCompile>
  </ItemGroup>
  <ItemGroup>
    <None Include="ThirdParty\SDL\lib\64\SDL2.dll" />
    <None Include="ThirdParty\SDL\lib\x86\SDL2.dll" />
  </ItemGroup>
  <ItemGroup>
    <ClInclude Include="ThirdParty\glad\include\KHR\khrplatform.h">
      <Filter>Source Files\ThirdParty\glad</Filter>
    </ClInclude>
    <ClInclude Include="ThirdParty\glad\include\glad\glad.h">
      <Filter>Source Files\ThirdParty\glad</Filter>
    </ClInclude>
    <ClInclude Include="ThirdParty\imgui\imgui.h">
      <Filter>Source Files\ThirdParty\imgui</Filter>
    </ClInclude>
    <ClInclude Include="ThirdParty\imgui\imgui_internal.h">
      <Filter>Source Files\ThirdParty\imgui</Filter>
    </ClInclude>
    <ClInclude Include="ThirdParty\imgui\imstb_rectpack.h">
      <Filter>Source Files\ThirdParty\imgui</Filter>
    </ClInclude>
    <ClInclude Include="ThirdParty\imgui\imstb_textedit.h">
      <Filter>Source Files\ThirdParty\imgui</Filter>
    </ClInclude>
    <ClInclude Include="ThirdParty\imgui\imstb_truetype.h">
      <Filter>Source Files\ThirdParty\imgui</Filter>
    </ClInclude>
    <ClInclude Include="ThirdParty\imgui\imconfig.h">
      <Filter>Source Files\ThirdParty\imgui</Filter>
    </ClInclude>
    <ClInclude Include="ThirdParty\imgui\examples\imgui_impl_opengl3.h">
      <Filter>Source Files\ThirdParty\imgui\impl</Filter>
    </ClInclude>
    <ClInclude Include="ThirdParty\imgui\examples\imgui_impl_sdl.h">
      <Filter>Source Files\ThirdParty\imgui\impl</Filter>
    </ClInclude>
    <ClInclude Include="Source\DraconicEmulator.h">
      <Filter>Header Files</Filter>
    </ClInclude>
    <ClInclude Include="Source\Hardware\DraconicMemory.h">
      <Filter>Header Files\Hardware</Filter>
    </ClInclude>
    <ClInclude Include="ThirdParty\imgui\imgui_memory_editor.h">
      <Filter>Source Files\ThirdParty\imgui</Filter>
    </ClInclude>
    <ClInclude Include="Source\Hardware\DraconicCartridge.h">
      <Filter>Header Files\Hardware</Filter>
    </ClInclude>
    <ClInclude Include="Source\Hardware\DraconicGPU.h">
      <Filter>Header Files\Hardware</Filter>
    </ClInclude>
    <ClInclude Include="Source\Hardware\DraconicCPU.h">
      <Filter>Header Files\Hardware</Filter>
    </ClInclude>
    <ClInclude Include="Source\Hardware\BaseHardware.h">
      <Filter>Header Files\Hardware</Filter>
    </ClInclude>
    <ClInclude Include="Source\Hardware\DraconicState.h">
      <Filter>Header Files\Hardware</Filter>
    </ClInclude>
    <ClInclude Include="Source\Managers\InterruptManager.h">
      <Filter>Header Files\Managers</Filter>
    </ClInclude>
    <ClInclude Include="Source\Managers\TimerManager.h">
      <Filter>Header Files\Managers</Filter>
    </ClInclude>
    <ClInclude Include="Source\Managers\InputManager.h">
      <Filter>Header Files\Managers</Filter>
    </ClInclude>
    <ClInclude Include="Source\Utils\Utils.h">
      <Filter>Header Files\Utils</Filter>
    </ClInclude>
  </ItemGroup>
</Project>